
Microsoft Visual Studio Solution File, Format Version 12.00
# Visual Studio Version 16
VisualStudioVersion = 16.0.29806.167
MinimumVisualStudioVersion = 10.0.40219.1
Project("{8BC9CEB8-8B4A-11D0-8D11-00A0C91BC942}") = "MFCGRIM_HW2", "MFCGRIM_HW2.vcxproj", "{B1507BAA-4D19-4072-88D0-F70009D01B75}"
EndProject
Global
	GlobalSection(SolutionConfigurationPlatforms) = preSolution
		Debug|x64 = Debug|x64
		Debug|x86 = Debug|x86
		Release|x64 = Release|x64
		Release|x86 = Release|x86
	EndGlobalSection
	GlobalSection(ProjectConfigurationPlatforms) = postSolution
		{B1507BAA-4D19-4072-88D0-F70009D01B75}.Debug|x64.ActiveCfg = Debug|x64
		{B1507BAA-4D19-4072-88D0-F70009D01B75}.Debug|x64.Build.0 = Debug|x64
		{B1507BAA-4D19-4072-88D0-F70009D01B75}.Debug|x86.ActiveCfg = Debug|Win32
		{B1507BAA-4D19-4072-88D0-F70009D01B75}.Debug|x86.Build.0 = Debug|Win32
		{B1507BAA-4D19-4072-88D0-F70009D01B75}.Release|x64.ActiveCfg = Release|x64
		{B1507BAA-4D19-4072-88D0-F70009D01B75}.Release|x64.Build.0 = Release|x64
		{B1507BAA-4D19-4072-88D0-F70009D01B75}.Release|x86.ActiveCfg = Release|Win32
		{B1507BAA-4D19-4072-88D0-F70009D01B75}.Release|x86.Build.0 = Release|Win32
	EndGlobalSection
	GlobalSection(SolutionProperties) = preSolution
		HideSolutionNode = FALSE
	EndGlobalSection
	GlobalSection(ExtensibilityGlobals) = postSolution
		SolutionGuid = {CA375E25-E159-4F10-8BDF-27EF96EAD3AC}
	EndGlobalSection
EndGlobal
